
Microsoft Visual Studio Solution File, Format Version 12.00
# Visual Studio Version 17
VisualStudioVersion = 17.10.35013.160
MinimumVisualStudioVersion = 10.0.40219.1
Project("{FAE04EC0-301F-11D3-BF4B-00C04F79EFBC}") = "ChatArava", "ChatArava\ChatArava.csproj", "{21F13F42-82A1-46E7-8F58-FD1A0B25F6D3}"
EndProject
Global
	GlobalSection(SolutionConfigurationPlatforms) = preSolution
		Debug|Any CPU = Debug|Any CPU
		Release|Any CPU = Release|Any CPU
	EndGlobalSection
	GlobalSection(ProjectConfigurationPlatforms) = postSolution
		{21F13F42-82A1-46E7-8F58-FD1A0B25F6D3}.Debug|Any CPU.ActiveCfg = Debug|Any CPU
		{21F13F42-82A1-46E7-8F58-FD1A0B25F6D3}.Debug|Any CPU.Build.0 = Debug|Any CPU
		{21F13F42-82A1-46E7-8F58-FD1A0B25F6D3}.Release|Any CPU.ActiveCfg = Release|Any CPU
		{21F13F42-82A1-46E7-8F58-FD1A0B25F6D3}.Release|Any CPU.Build.0 = Release|Any CPU
	EndGlobalSection
	GlobalSection(SolutionProperties) = preSolution
		HideSolutionNode = FALSE
	EndGlobalSection
	GlobalSection(ExtensibilityGlobals) = postSolution
		SolutionGuid = {7FA9B185-5F5D-4E12-946A-6C719E51F480}
	EndGlobalSection
EndGlobal
